
Microsoft Visual Studio Solution File, Format Version 12.00
# Visual Studio Version 17
VisualStudioVersion = 17.2.32616.157
MinimumVisualStudioVersion = 10.0.40219.1
Project("{FAE04EC0-301F-11D3-BF4B-00C04F79EFBC}") = "ReflectionLets", "ReflectionLets\ReflectionLets.csproj", "{013BAE7F-3251-43CB-A300-4AD8BD376B77}"
EndProject
Global
	GlobalSection(SolutionConfigurationPlatforms) = preSolution
		Debug|Any CPU = Debug|Any CPU
		Release|Any CPU = Release|Any CPU
	EndGlobalSection
	GlobalSection(ProjectConfigurationPlatforms) = postSolution
		{013BAE7F-3251-43CB-A300-4AD8BD376B77}.Debug|Any CPU.ActiveCfg = Debug|Any CPU
		{013BAE7F-3251-43CB-A300-4AD8BD376B77}.Debug|Any CPU.Build.0 = Debug|Any CPU
		{013BAE7F-3251-43CB-A300-4AD8BD376B77}.Release|Any CPU.ActiveCfg = Release|Any CPU
		{013BAE7F-3251-43CB-A300-4AD8BD376B77}.Release|Any CPU.Build.0 = Release|Any CPU
	EndGlobalSection
	GlobalSection(SolutionProperties) = preSolution
		HideSolutionNode = FALSE
	EndGlobalSection
	GlobalSection(ExtensibilityGlobals) = postSolution
		SolutionGuid = {A24DFCFC-A941-49AC-859B-1D018E406B1A}
	EndGlobalSection
EndGlobal
